// !$*UTF8*$!
{
	archiveVersion = 1;
	classes = {
	};
	objectVersion = 46;
	objects = {

/* Begin PBXBuildFile section */
		9DB3F2DF1A319F85005E265B /* main.m in Sources */ = {isa = PBXBuildFile; fileRef = 9DB3F2DE1A319F85005E265B /* main.m */; };
		9DB3F2E21A319F85005E265B /* AppDelegate.m in Sources */ = {isa = PBXBuildFile; fileRef = 9DB3F2E11A319F85005E265B /* AppDelegate.m */; };
		9DB3F2E51A319F85005E265B /* ViewController.m in Sources */ = {isa = PBXBuildFile; fileRef = 9DB3F2E41A319F85005E265B /* ViewController.m */; };
		9DB3F2E81A319F86005E265B /* Main.storyboard in Resources */ = {isa = PBXBuildFile; fileRef = 9DB3F2E61A319F86005E265B /* Main.storyboard */; };
		9DB3F2EA1A319F86005E265B /* Images.xcassets in Resources */ = {isa = PBXBuildFile; fileRef = 9DB3F2E91A319F86005E265B /* Images.xcassets */; };
		9DB3F2ED1A319F86005E265B /* LaunchScreen.xib in Resources */ = {isa = PBXBuildFile; fileRef = 9DB3F2EB1A319F86005E265B /* LaunchScreen.xib */; };
		9DB3F2F91A319F86005E265B /* MyAppTests.m in Sources */ = {isa = PBXBuildFile; fileRef = 9DB3F2F81A319F86005E265B /* MyAppTests.m */; };
/* End PBXBuildFile section */

/* Begin PBXContainerItemProxy section */
		9DB3F2F31A319F86005E265B /* PBXContainerItemProxy */ = {
			isa = PBXContainerItemProxy;
			containerPortal = 9DB3F2D11A319F85005E265B /* Project object */;
			proxyType = 1;
			remoteGlobalIDString = 9DB3F2D81A319F85005E265B;
			remoteInfo = MyApp;
		};
/* End PBXContainerItemProxy section */

/* Begin PBXFileReference section */
		9DB3F2D91A319F85005E265B /* MyApp.app */ = {isa = PBXFileReference; explicitFileType = wrapper.application; includeInIndex = 0; path = MyApp.app; sourceTree = BUILT_PRODUCTS_DIR; };
		9DB3F2DD1A319F85005E265B /* Info.plist */ = {isa = PBXFileReference; lastKnownFileType = text.plist.xml; path = Info.plist; sourceTree = "<group>"; };
		9DB3F2DE1A319F85005E265B /* main.m */ = {isa = PBXFileReference; lastKnownFileType = sourcecode.c.objc; path = main.m; sourceTree = "<group>"; };
		9DB3F2E01A319F85005E265B /* AppDelegate.h */ = {isa = PBXFileReference; lastKnownFileType = sourcecode.c.h; path = AppDelegate.h; sourceTree = "<group>"; };
		9DB3F2E11A319F85005E265B /* AppDelegate.m */ = {isa = PBXFileReference; lastKnownFileType = sourcecode.c.objc; path = AppDelegate.m; sourceTree = "<group>"; };
		9DB3F2E31A319F85005E265B /* ViewController.h */ = {isa = PBXFileReference; lastKnownFileType = sourcecode.c.h; path = ViewController.h; sourceTree = "<group>"; };
		9DB3F2E41A319F85005E265B /* ViewController.m */ = {isa = PBXFileReference; lastKnownFileType = sourcecode.c.objc; path = ViewController.m; sourceTree = "<group>"; };
		9DB3F2E71A319F86005E265B /* Base */ = {isa = PBXFileReference; lastKnownFileType = file.storyboard; name = Base; path = Base.lproj/Main.storyboard; sourceTree = "<group>"; };
		9DB3F2E91A319F86005E265B /* Images.xcassets */ = {isa = PBXFileReference; lastKnownFileType = folder.assetcatalog; path = Images.xcassets; sourceTree = "<group>"; };
		9DB3F2EC1A319F86005E265B /* Base */ = {isa = PBXFileReference; lastKnownFileType = file.xib; name = Base; path = Base.lproj/LaunchScreen.xib; sourceTree = "<group>"; };
		9DB3F2F21A319F86005E265B /* MyAppTests.xctest */ = {isa = PBXFileReference; explicitFileType = wrapper.cfbundle; includeInIndex = 0; path = MyAppTests.xctest; sourceTree = BUILT_PRODUCTS_DIR; };
		9DB3F2F71A319F86005E265B /* Info.plist */ = {isa = PBXFileReference; lastKnownFileType = text.plist.xml; path = Info.plist; sourceTree = "<group>"; };
		9DB3F2F81A319F86005E265B /* MyAppTests.m */ = {isa = PBXFileReference; lastKnownFileType = sourcecode.c.objc; path = MyAppTests.m; sourceTree = "<group>"; };
/* End PBXFileReference section */

/* Begin PBXFrameworksBuildPhase section */
		9DB3F2D61A319F85005E265B /* Frameworks */ = {
			isa = PBXFrameworksBuildPhase;
			buildActionMask = 2147483647;
			files = (
			);
			runOnlyForDeploymentPostprocessing = 0;
		};
		9DB3F2EF1A319F86005E265B /* Frameworks */ = {
			isa = PBXFrameworksBuildPhase;
			buildActionMask = 2147483647;
			files = (
			);
			runOnlyForDeploymentPostprocessing = 0;
		};
/* End PBXFrameworksBuildPhase section */

/* Begin PBXGroup section */
		9DB3F2D01A319F85005E265B = {
			isa = PBXGroup;
			children = (
				9DB3F2DB1A319F85005E265B /* MyApp */,
				9DB3F2F51A319F86005E265B /* MyAppTests */,
				9DB3F2DA1A319F85005E265B /* Products */,
			);
			sourceTree = "<group>";
		};
		9DB3F2DA1A319F85005E265B /* Products */ = {
			isa = PBXGroup;
			children = (
				9DB3F2D91A319F85005E265B /* MyApp.app */,
				9DB3F2F21A319F86005E265B /* MyAppTests.xctest */,
			);
			name = Products;
			sourceTree = "<group>";
		};
		9DB3F2DB1A319F85005E265B /* MyApp */ = {
			isa = PBXGroup;
			children = (
				9DB3F2E01A319F85005E265B /* AppDelegate.h */,
				9DB3F2E11A319F85005E265B /* AppDelegate.m */,
				9DB3F2E31A319F85005E265B /* ViewController.h */,
				9DB3F2E41A319F85005E265B /* ViewController.m */,
				9DB3F2E61A319F86005E265B /* Main.storyboard */,
				9DB3F2E91A319F86005E265B /* Images.xcassets */,
				9DB3F2EB1A319F86005E265B /* LaunchScreen.xib */,
				9DB3F2DC1A319F85005E265B /* Supporting Files */,
			);
			path = MyApp;
			sourceTree = "<group>";
		};
		9DB3F2DC1A319F85005E265B /* Supporting Files */ = {
			isa = PBXGroup;
			children = (
				9DB3F2DD1A319F85005E265B /* Info.plist */,
				9DB3F2DE1A319F85005E265B /* main.m */,
			);
			name = "Supporting Files";
			sourceTree = "<group>";
		};
		9DB3F2F51A319F86005E265B /* MyAppTests */ = {
			isa = PBXGroup;
			children = (
				9DB3F2F81A319F86005E265B /* MyAppTests.m */,
				9DB3F2F61A319F86005E265B /* Supporting Files */,
			);
			path = MyAppTests;
			sourceTree = "<group>";
		};
		9DB3F2F61A319F86005E265B /* Supporting Files */ = {
			isa = PBXGroup;
			children = (
				9DB3F2F71A319F86005E265B /* Info.plist */,
			);
			name = "Supporting Files";
			sourceTree = "<group>";
		};
/* End PBXGroup section */

/* Begin PBXNativeTarget section */
		9DB3F2D81A319F85005E265B /* MyApp */ = {
			isa = PBXNativeTarget;
			buildConfigurationList = 9DB3F2FC1A319F86005E265B /* Build configuration list for PBXNativeTarget "MyApp" */;
			buildPhases = (
				9DB3F2D51A319F85005E265B /* Sources */,
				9DB3F2D61A319F85005E265B /* Frameworks */,
				9DB3F2D71A319F85005E265B /* Resources */,
			);
			buildRules = (
			);
			dependencies = (
			);
			name = MyApp;
			productName = MyApp;
			productReference = 9DB3F2D91A319F85005E265B /* MyApp.app */;
			productType = "com.apple.product-type.application";
		};
		9DB3F2F11A319F86005E265B /* MyAppTests */ = {
			isa = PBXNativeTarget;
			buildConfigurationList = 9DB3F2FF1A319F86005E265B /* Build configuration list for PBXNativeTarget "MyAppTests" */;
			buildPhases = (
				9DB3F2EE1A319F86005E265B /* Sources */,
				9DB3F2EF1A319F86005E265B /* Frameworks */,
				9DB3F2F01A319F86005E265B /* Resources */,
			);
			buildRules = (
			);
			dependencies = (
				9DB3F2F41A319F86005E265B /* PBXTargetDependency */,
			);
			name = MyAppTests;
			productName = MyAppTests;
			productReference = 9DB3F2F21A319F86005E265B /* MyAppTests.xctest */;
			productType = "com.apple.product-type.bundle.unit-test";
		};
/* End PBXNativeTarget section */

/* Begin PBXProject section */
		9DB3F2D11A319F85005E265B /* Project object */ = {
			isa = PBXProject;
			attributes = {
				LastUpgradeCheck = 0610;
				ORGANIZATIONNAME = Chunyu;
				TargetAttributes = {
					9DB3F2D81A319F85005E265B = {
						CreatedOnToolsVersion = 6.1.1;
					};
					9DB3F2F11A319F86005E265B = {
						CreatedOnToolsVersion = 6.1.1;
						TestTargetID = 9DB3F2D81A319F85005E265B;
					};
				};
			};
			buildConfigurationList = 9DB3F2D41A319F85005E265B /* Build configuration list for PBXProject "MyApp" */;
			compatibilityVersion = "Xcode 3.2";
			developmentRegion = English;
			hasScannedForEncodings = 0;
			knownRegions = (
				en,
				Base,
			);
			mainGroup = 9DB3F2D01A319F85005E265B;
			productRefGroup = 9DB3F2DA1A319F85005E265B /* Products */;
			projectDirPath = "";
			projectRoot = "";
			targets = (
				9DB3F2D81A319F85005E265B /* MyApp */,
				9DB3F2F11A319F86005E265B /* MyAppTests */,
			);
		};
/* End PBXProject section */

/* Begin PBXResourcesBuildPhase section */
		9DB3F2D71A319F85005E265B /* Resources */ = {
			isa = PBXResourcesBuildPhase;
			buildActionMask = 2147483647;
			files = (
				9DB3F2E81A319F86005E265B /* Main.storyboard in Resources */,
				9DB3F2ED1A319F86005E265B /* LaunchScreen.xib in Resources */,
				9DB3F2EA1A319F86005E265B /* Images.xcassets in Resources */,
			);
			runOnlyForDeploymentPostprocessing = 0;
		};
		9DB3F2F01A319F86005E265B /* Resources */ = {
			isa = PBXResourcesBuildPhase;
			buildActionMask = 2147483647;
			files = (
			);
			runOnlyForDeploymentPostprocessing = 0;
		};
/* End PBXResourcesBuildPhase section */

/* Begin PBXSourcesBuildPhase section */
		9DB3F2D51A319F85005E265B /* Sources */ = {
			isa = PBXSourcesBuildPhase;
			buildActionMask = 2147483647;
			files = (
				9DB3F2E51A319F85005E265B /* ViewController.m in Sources */,
				9DB3F2E21A319F85005E265B /* AppDelegate.m in Sources */,
				9DB3F2DF1A319F85005E265B /* main.m in Sources */,
			);
			runOnlyForDeploymentPostprocessing = 0;
		};
		9DB3F2EE1A319F86005E265B /* Sources */ = {
			isa = PBXSourcesBuildPhase;
			buildActionMask = 2147483647;
			files = (
				9DB3F2F91A319F86005E265B /* MyAppTests.m in Sources */,
			);
			runOnlyForDeploymentPostprocessing = 0;
		};
/* End PBXSourcesBuildPhase section */

/* Begin PBXTargetDependency section */
		9DB3F2F41A319F86005E265B /* PBXTargetDependency */ = {
			isa = PBXTargetDependency;
			target = 9DB3F2D81A319F85005E265B /* MyApp */;
			targetProxy = 9DB3F2F31A319F86005E265B /* PBXContainerItemProxy */;
		};
/* End PBXTargetDependency section */

/* Begin PBXVariantGroup section */
		9DB3F2E61A319F86005E265B /* Main.storyboard */ = {
			isa = PBXVariantGroup;
			children = (
				9DB3F2E71A319F86005E265B /* Base */,
			);
			name = Main.storyboard;
			sourceTree = "<group>";
		};
		9DB3F2EB1A319F86005E265B /* LaunchScreen.xib */ = {
			isa = PBXVariantGroup;
			children = (
				9DB3F2EC1A319F86005E265B /* Base */,
			);
			name = LaunchScreen.xib;
			sourceTree = "<group>";
		};
/* End PBXVariantGroup section */

/* Begin XCBuildConfiguration section */
		9DB3F2FA1A319F86005E265B /* Debug */ = {
			isa = XCBuildConfiguration;
			buildSettings = {
				ALWAYS_SEARCH_USER_PATHS = NO;
				CLANG_CXX_LANGUAGE_STANDARD = "gnu++0x";
				CLANG_CXX_LIBRARY = "libc++";
				CLANG_ENABLE_MODULES = YES;
				CLANG_ENABLE_OBJC_ARC = YES;
				CLANG_WARN_BOOL_CONVERSION = YES;
				CLANG_WARN_CONSTANT_CONVERSION = YES;
				CLANG_WARN_DIRECT_OBJC_ISA_USAGE = YES_ERROR;
				CLANG_WARN_EMPTY_BODY = YES;
				CLANG_WARN_ENUM_CONVERSION = YES;
				CLANG_WARN_INT_CONVERSION = YES;
				CLANG_WARN_OBJC_ROOT_CLASS = YES_ERROR;
				CLANG_WARN_UNREACHABLE_CODE = YES;
				CLANG_WARN__DUPLICATE_METHOD_MATCH = YES;
				"CODE_SIGN_IDENTITY[sdk=iphoneos*]" = "iPhone Developer";
				COPY_PHASE_STRIP = NO;
				ENABLE_STRICT_OBJC_MSGSEND = YES;
				GCC_C_LANGUAGE_STANDARD = gnu99;
				GCC_DYNAMIC_NO_PIC = NO;
				GCC_OPTIMIZATION_LEVEL = 0;
				GCC_PREPROCESSOR_DEFINITIONS = (
					"DEBUG=1",
					"$(inherited)",
				);
				GCC_SYMBOLS_PRIVATE_EXTERN = NO;
				GCC_WARN_64_TO_32_BIT_CONVERSION = YES;
				GCC_WARN_ABOUT_RETURN_TYPE = YES_ERROR;
				GCC_WARN_UNDECLARED_SELECTOR = YES;
				GCC_WARN_UNINITIALIZED_AUTOS = YES_AGGRESSIVE;
				GCC_WARN_UNUSED_FUNCTION = YES;
				GCC_WARN_UNUSED_VARIABLE = YES;
				IPHONEOS_DEPLOYMENT_TARGET = 8.1;
				MTL_ENABLE_DEBUG_INFO = YES;
				ONLY_ACTIVE_ARCH = YES;
				SDKROOT = iphoneos;
			};
			name = Debug;
		};
		9DB3F2FB1A319F86005E265B /* Release */ = {
			isa = XCBuildConfiguration;
			buildSettings = {
				ALWAYS_SEARCH_USER_PATHS = NO;
				CLANG_CXX_LANGUAGE_STANDARD = "gnu++0x";
				CLANG_CXX_LIBRARY = "libc++";
				CLANG_ENABLE_MODULES = YES;
				CLANG_ENABLE_OBJC_ARC = YES;
				CLANG_WARN_BOOL_CONVERSION = YES;
				CLANG_WARN_CONSTANT_CONVERSION = YES;
				CLANG_WARN_DIRECT_OBJC_ISA_USAGE = YES_ERROR;
				CLANG_WARN_EMPTY_BODY = YES;
				CLANG_WARN_ENUM_CONVERSION = YES;
				CLANG_WARN_INT_CONVERSION = YES;
				CLANG_WARN_OBJC_ROOT_CLASS = YES_ERROR;
				CLANG_WARN_UNREACHABLE_CODE = YES;
				CLANG_WARN__DUPLICATE_METHOD_MATCH = YES;
				"CODE_SIGN_IDENTITY[sdk=iphoneos*]" = "iPhone Developer";
				COPY_PHASE_STRIP = YES;
				ENABLE_NS_ASSERTIONS = NO;
				ENABLE_STRICT_OBJC_MSGSEND = YES;
				GCC_C_LANGUAGE_STANDARD = gnu99;
				GCC_WARN_64_TO_32_BIT_CONVERSION = YES;
				GCC_WARN_ABOUT_RETURN_TYPE = YES_ERROR;
				GCC_WARN_UNDECLARED_SELECTOR = YES;
				GCC_WARN_UNINITIALIZED_AUTOS = YES_AGGRESSIVE;
				GCC_WARN_UNUSED_FUNCTION = YES;
				GCC_WARN_UNUSED_VARIABLE = YES;
				IPHONEOS_DEPLOYMENT_TARGET = 8.1;
				MTL_ENABLE_DEBUG_INFO = NO;
				SDKROOT = iphoneos;
				VALIDATE_PRODUCT = YES;
			};
			name = Release;
		};
		9DB3F2FD1A319F86005E265B /* Debug */ = {
			isa = XCBuildConfiguration;
			buildSettings = {
				ASSETCATALOG_COMPILER_APPICON_NAME = AppIcon;
				INFOPLIST_FILE = MyApp/Info.plist;
				LD_RUNPATH_SEARCH_PATHS = "$(inherited) @executable_path/Frameworks";
				PRODUCT_NAME = "$(TARGET_NAME)";
			};
			name = Debug;
		};
		9DB3F2FE1A319F86005E265B /* Release */ = {
			isa = XCBuildConfiguration;
			buildSettings = {
				ASSETCATALOG_COMPILER_APPICON_NAME = AppIcon;
				INFOPLIST_FILE = MyApp/Info.plist;
				LD_RUNPATH_SEARCH_PATHS = "$(inherited) @executable_path/Frameworks";
				PRODUCT_NAME = "$(TARGET_NAME)";
			};
			name = Release;
		};
		9DB3F3001A319F86005E265B /* Debug */ = {
			isa = XCBuildConfiguration;
			buildSettings = {
				BUNDLE_LOADER = "$(TEST_HOST)";
				FRAMEWORK_SEARCH_PATHS = (
					"$(SDKROOT)/Developer/Library/Frameworks",
					"$(inherited)",
				);
				GCC_PREPROCESSOR_DEFINITIONS = (
					"DEBUG=1",
					"$(inherited)",
				);
				INFOPLIST_FILE = MyAppTests/Info.plist;
				LD_RUNPATH_SEARCH_PATHS = "$(inherited) @executable_path/Frameworks @loader_path/Frameworks";
				PRODUCT_NAME = "$(TARGET_NAME)";
				TEST_HOST = "$(BUILT_PRODUCTS_DIR)/MyApp.app/MyApp";
			};
			name = Debug;
		};
		9DB3F3011A319F86005E265B /* Release */ = {
			isa = XCBuildConfiguration;
			buildSettings = {
				BUNDLE_LOADER = "$(TEST_HOST)";
				FRAMEWORK_SEARCH_PATHS = (
					"$(SDKROOT)/Developer/Library/Frameworks",
					"$(inherited)",
				);
				INFOPLIST_FILE = MyAppTests/Info.plist;
				LD_RUNPATH_SEARCH_PATHS = "$(inherited) @executable_path/Frameworks @loader_path/Frameworks";
				PRODUCT_NAME = "$(TARGET_NAME)";
				TEST_HOST = "$(BUILT_PRODUCTS_DIR)/MyApp.app/MyApp";
			};
			name = Release;
		};
/* End XCBuildConfiguration section */

/* Begin XCConfigurationList section */
		9DB3F2D41A319F85005E265B /* Build configuration list for PBXProject "MyApp" */ = {
			isa = XCConfigurationList;
			buildConfigurations = (
				9DB3F2FA1A319F86005E265B /* Debug */,
				9DB3F2FB1A319F86005E265B /* Release */,
			);
			defaultConfigurationIsVisible = 0;
			defaultConfigurationName = Release;
		};
		9DB3F2FC1A319F86005E265B /* Build configuration list for PBXNativeTarget "MyApp" */ = {
			isa = XCConfigurationList;
			buildConfigurations = (
				9DB3F2FD1A319F86005E265B /* Debug */,
				9DB3F2FE1A319F86005E265B /* Release */,
			);
			defaultConfigurationIsVisible = 0;
		};
		9DB3F2FF1A319F86005E265B /* Build configuration list for PBXNativeTarget "MyAppTests" */ = {
			isa = XCConfigurationList;
			buildConfigurations = (
				9DB3F3001A319F86005E265B /* Debug */,
				9DB3F3011A319F86005E265B /* Release */,
			);
			defaultConfigurationIsVisible = 0;
		};
/* End XCConfigurationList section */
	};
	rootObject = 9DB3F2D11A319F85005E265B /* Project object */;
}
