// !$*UTF8*$!
{
	archiveVersion = 1;
	classes = {
	};
	objectVersion = 46;
	objects = {

/* Begin PBXBuildFile section */
		9D4BB87D1A354A0D005E14D0 /* main.m in Sources */ = {isa = PBXBuildFile; fileRef = 9D4BB87C1A354A0D005E14D0 /* main.m */; };
		9D4BB8801A354A0D005E14D0 /* AppDelegate.m in Sources */ = {isa = PBXBuildFile; fileRef = 9D4BB87F1A354A0D005E14D0 /* AppDelegate.m */; };
		9D4BB8831A354A0D005E14D0 /* ViewController.m in Sources */ = {isa = PBXBuildFile; fileRef = 9D4BB8821A354A0D005E14D0 /* ViewController.m */; };
		9D4BB8861A354A0D005E14D0 /* Main.storyboard in Resources */ = {isa = PBXBuildFile; fileRef = 9D4BB8841A354A0D005E14D0 /* Main.storyboard */; };
		9D4BB8881A354A0D005E14D0 /* Images.xcassets in Resources */ = {isa = PBXBuildFile; fileRef = 9D4BB8871A354A0D005E14D0 /* Images.xcassets */; };
		9D4BB88B1A354A0D005E14D0 /* LaunchScreen.xib in Resources */ = {isa = PBXBuildFile; fileRef = 9D4BB8891A354A0D005E14D0 /* LaunchScreen.xib */; };
		9D4BB8971A354A0D005E14D0 /* ViewTransisitionTests.m in Sources */ = {isa = PBXBuildFile; fileRef = 9D4BB8961A354A0D005E14D0 /* ViewTransisitionTests.m */; };
/* End PBXBuildFile section */

/* Begin PBXContainerItemProxy section */
		9D4BB8911A354A0D005E14D0 /* PBXContainerItemProxy */ = {
			isa = PBXContainerItemProxy;
			containerPortal = 9D4BB86F1A354A0D005E14D0 /* Project object */;
			proxyType = 1;
			remoteGlobalIDString = 9D4BB8761A354A0D005E14D0;
			remoteInfo = ViewTransisition;
		};
/* End PBXContainerItemProxy section */

/* Begin PBXFileReference section */
		9D4BB8771A354A0D005E14D0 /* ViewTransisition.app */ = {isa = PBXFileReference; explicitFileType = wrapper.application; includeInIndex = 0; path = ViewTransisition.app; sourceTree = BUILT_PRODUCTS_DIR; };
		9D4BB87B1A354A0D005E14D0 /* Info.plist */ = {isa = PBXFileReference; lastKnownFileType = text.plist.xml; path = Info.plist; sourceTree = "<group>"; };
		9D4BB87C1A354A0D005E14D0 /* main.m */ = {isa = PBXFileReference; lastKnownFileType = sourcecode.c.objc; path = main.m; sourceTree = "<group>"; };
		9D4BB87E1A354A0D005E14D0 /* AppDelegate.h */ = {isa = PBXFileReference; lastKnownFileType = sourcecode.c.h; path = AppDelegate.h; sourceTree = "<group>"; };
		9D4BB87F1A354A0D005E14D0 /* AppDelegate.m */ = {isa = PBXFileReference; lastKnownFileType = sourcecode.c.objc; path = AppDelegate.m; sourceTree = "<group>"; };
		9D4BB8811A354A0D005E14D0 /* ViewController.h */ = {isa = PBXFileReference; lastKnownFileType = sourcecode.c.h; path = ViewController.h; sourceTree = "<group>"; };
		9D4BB8821A354A0D005E14D0 /* ViewController.m */ = {isa = PBXFileReference; lastKnownFileType = sourcecode.c.objc; path = ViewController.m; sourceTree = "<group>"; };
		9D4BB8851A354A0D005E14D0 /* Base */ = {isa = PBXFileReference; lastKnownFileType = file.storyboard; name = Base; path = Base.lproj/Main.storyboard; sourceTree = "<group>"; };
		9D4BB8871A354A0D005E14D0 /* Images.xcassets */ = {isa = PBXFileReference; lastKnownFileType = folder.assetcatalog; path = Images.xcassets; sourceTree = "<group>"; };
		9D4BB88A1A354A0D005E14D0 /* Base */ = {isa = PBXFileReference; lastKnownFileType = file.xib; name = Base; path = Base.lproj/LaunchScreen.xib; sourceTree = "<group>"; };
		9D4BB8901A354A0D005E14D0 /* ViewTransisitionTests.xctest */ = {isa = PBXFileReference; explicitFileType = wrapper.cfbundle; includeInIndex = 0; path = ViewTransisitionTests.xctest; sourceTree = BUILT_PRODUCTS_DIR; };
		9D4BB8951A354A0D005E14D0 /* Info.plist */ = {isa = PBXFileReference; lastKnownFileType = text.plist.xml; path = Info.plist; sourceTree = "<group>"; };
		9D4BB8961A354A0D005E14D0 /* ViewTransisitionTests.m */ = {isa = PBXFileReference; lastKnownFileType = sourcecode.c.objc; path = ViewTransisitionTests.m; sourceTree = "<group>"; };
/* End PBXFileReference section */

/* Begin PBXFrameworksBuildPhase section */
		9D4BB8741A354A0D005E14D0 /* Frameworks */ = {
			isa = PBXFrameworksBuildPhase;
			buildActionMask = 2147483647;
			files = (
			);
			runOnlyForDeploymentPostprocessing = 0;
		};
		9D4BB88D1A354A0D005E14D0 /* Frameworks */ = {
			isa = PBXFrameworksBuildPhase;
			buildActionMask = 2147483647;
			files = (
			);
			runOnlyForDeploymentPostprocessing = 0;
		};
/* End PBXFrameworksBuildPhase section */

/* Begin PBXGroup section */
		9D4BB86E1A354A0D005E14D0 = {
			isa = PBXGroup;
			children = (
				9D4BB8791A354A0D005E14D0 /* ViewTransisition */,
				9D4BB8931A354A0D005E14D0 /* ViewTransisitionTests */,
				9D4BB8781A354A0D005E14D0 /* Products */,
			);
			sourceTree = "<group>";
		};
		9D4BB8781A354A0D005E14D0 /* Products */ = {
			isa = PBXGroup;
			children = (
				9D4BB8771A354A0D005E14D0 /* ViewTransisition.app */,
				9D4BB8901A354A0D005E14D0 /* ViewTransisitionTests.xctest */,
			);
			name = Products;
			sourceTree = "<group>";
		};
		9D4BB8791A354A0D005E14D0 /* ViewTransisition */ = {
			isa = PBXGroup;
			children = (
				9D4BB87E1A354A0D005E14D0 /* AppDelegate.h */,
				9D4BB87F1A354A0D005E14D0 /* AppDelegate.m */,
				9D4BB8811A354A0D005E14D0 /* ViewController.h */,
				9D4BB8821A354A0D005E14D0 /* ViewController.m */,
				9D4BB8841A354A0D005E14D0 /* Main.storyboard */,
				9D4BB8871A354A0D005E14D0 /* Images.xcassets */,
				9D4BB8891A354A0D005E14D0 /* LaunchScreen.xib */,
				9D4BB87A1A354A0D005E14D0 /* Supporting Files */,
			);
			path = ViewTransisition;
			sourceTree = "<group>";
		};
		9D4BB87A1A354A0D005E14D0 /* Supporting Files */ = {
			isa = PBXGroup;
			children = (
				9D4BB87B1A354A0D005E14D0 /* Info.plist */,
				9D4BB87C1A354A0D005E14D0 /* main.m */,
			);
			name = "Supporting Files";
			sourceTree = "<group>";
		};
		9D4BB8931A354A0D005E14D0 /* ViewTransisitionTests */ = {
			isa = PBXGroup;
			children = (
				9D4BB8961A354A0D005E14D0 /* ViewTransisitionTests.m */,
				9D4BB8941A354A0D005E14D0 /* Supporting Files */,
			);
			path = ViewTransisitionTests;
			sourceTree = "<group>";
		};
		9D4BB8941A354A0D005E14D0 /* Supporting Files */ = {
			isa = PBXGroup;
			children = (
				9D4BB8951A354A0D005E14D0 /* Info.plist */,
			);
			name = "Supporting Files";
			sourceTree = "<group>";
		};
/* End PBXGroup section */

/* Begin PBXNativeTarget section */
		9D4BB8761A354A0D005E14D0 /* ViewTransisition */ = {
			isa = PBXNativeTarget;
			buildConfigurationList = 9D4BB89A1A354A0D005E14D0 /* Build configuration list for PBXNativeTarget "ViewTransisition" */;
			buildPhases = (
				9D4BB8731A354A0D005E14D0 /* Sources */,
				9D4BB8741A354A0D005E14D0 /* Frameworks */,
				9D4BB8751A354A0D005E14D0 /* Resources */,
			);
			buildRules = (
			);
			dependencies = (
			);
			name = ViewTransisition;
			productName = ViewTransisition;
			productReference = 9D4BB8771A354A0D005E14D0 /* ViewTransisition.app */;
			productType = "com.apple.product-type.application";
		};
		9D4BB88F1A354A0D005E14D0 /* ViewTransisitionTests */ = {
			isa = PBXNativeTarget;
			buildConfigurationList = 9D4BB89D1A354A0D005E14D0 /* Build configuration list for PBXNativeTarget "ViewTransisitionTests" */;
			buildPhases = (
				9D4BB88C1A354A0D005E14D0 /* Sources */,
				9D4BB88D1A354A0D005E14D0 /* Frameworks */,
				9D4BB88E1A354A0D005E14D0 /* Resources */,
			);
			buildRules = (
			);
			dependencies = (
				9D4BB8921A354A0D005E14D0 /* PBXTargetDependency */,
			);
			name = ViewTransisitionTests;
			productName = ViewTransisitionTests;
			productReference = 9D4BB8901A354A0D005E14D0 /* ViewTransisitionTests.xctest */;
			productType = "com.apple.product-type.bundle.unit-test";
		};
/* End PBXNativeTarget section */

/* Begin PBXProject section */
		9D4BB86F1A354A0D005E14D0 /* Project object */ = {
			isa = PBXProject;
			attributes = {
				LastUpgradeCheck = 0610;
				ORGANIZATIONNAME = Chunyu;
				TargetAttributes = {
					9D4BB8761A354A0D005E14D0 = {
						CreatedOnToolsVersion = 6.1.1;
					};
					9D4BB88F1A354A0D005E14D0 = {
						CreatedOnToolsVersion = 6.1.1;
						TestTargetID = 9D4BB8761A354A0D005E14D0;
					};
				};
			};
			buildConfigurationList = 9D4BB8721A354A0D005E14D0 /* Build configuration list for PBXProject "ViewTransisition" */;
			compatibilityVersion = "Xcode 3.2";
			developmentRegion = English;
			hasScannedForEncodings = 0;
			knownRegions = (
				en,
				Base,
			);
			mainGroup = 9D4BB86E1A354A0D005E14D0;
			productRefGroup = 9D4BB8781A354A0D005E14D0 /* Products */;
			projectDirPath = "";
			projectRoot = "";
			targets = (
				9D4BB8761A354A0D005E14D0 /* ViewTransisition */,
				9D4BB88F1A354A0D005E14D0 /* ViewTransisitionTests */,
			);
		};
/* End PBXProject section */

/* Begin PBXResourcesBuildPhase section */
		9D4BB8751A354A0D005E14D0 /* Resources */ = {
			isa = PBXResourcesBuildPhase;
			buildActionMask = 2147483647;
			files = (
				9D4BB8861A354A0D005E14D0 /* Main.storyboard in Resources */,
				9D4BB88B1A354A0D005E14D0 /* LaunchScreen.xib in Resources */,
				9D4BB8881A354A0D005E14D0 /* Images.xcassets in Resources */,
			);
			runOnlyForDeploymentPostprocessing = 0;
		};
		9D4BB88E1A354A0D005E14D0 /* Resources */ = {
			isa = PBXResourcesBuildPhase;
			buildActionMask = 2147483647;
			files = (
			);
			runOnlyForDeploymentPostprocessing = 0;
		};
/* End PBXResourcesBuildPhase section */

/* Begin PBXSourcesBuildPhase section */
		9D4BB8731A354A0D005E14D0 /* Sources */ = {
			isa = PBXSourcesBuildPhase;
			buildActionMask = 2147483647;
			files = (
				9D4BB8831A354A0D005E14D0 /* ViewController.m in Sources */,
				9D4BB8801A354A0D005E14D0 /* AppDelegate.m in Sources */,
				9D4BB87D1A354A0D005E14D0 /* main.m in Sources */,
			);
			runOnlyForDeploymentPostprocessing = 0;
		};
		9D4BB88C1A354A0D005E14D0 /* Sources */ = {
			isa = PBXSourcesBuildPhase;
			buildActionMask = 2147483647;
			files = (
				9D4BB8971A354A0D005E14D0 /* ViewTransisitionTests.m in Sources */,
			);
			runOnlyForDeploymentPostprocessing = 0;
		};
/* End PBXSourcesBuildPhase section */

/* Begin PBXTargetDependency section */
		9D4BB8921A354A0D005E14D0 /* PBXTargetDependency */ = {
			isa = PBXTargetDependency;
			target = 9D4BB8761A354A0D005E14D0 /* ViewTransisition */;
			targetProxy = 9D4BB8911A354A0D005E14D0 /* PBXContainerItemProxy */;
		};
/* End PBXTargetDependency section */

/* Begin PBXVariantGroup section */
		9D4BB8841A354A0D005E14D0 /* Main.storyboard */ = {
			isa = PBXVariantGroup;
			children = (
				9D4BB8851A354A0D005E14D0 /* Base */,
			);
			name = Main.storyboard;
			sourceTree = "<group>";
		};
		9D4BB8891A354A0D005E14D0 /* LaunchScreen.xib */ = {
			isa = PBXVariantGroup;
			children = (
				9D4BB88A1A354A0D005E14D0 /* Base */,
			);
			name = LaunchScreen.xib;
			sourceTree = "<group>";
		};
/* End PBXVariantGroup section */

/* Begin XCBuildConfiguration section */
		9D4BB8981A354A0D005E14D0 /* Debug */ = {
			isa = XCBuildConfiguration;
			buildSettings = {
				ALWAYS_SEARCH_USER_PATHS = NO;
				CLANG_CXX_LANGUAGE_STANDARD = "gnu++0x";
				CLANG_CXX_LIBRARY = "libc++";
				CLANG_ENABLE_MODULES = YES;
				CLANG_ENABLE_OBJC_ARC = YES;
				CLANG_WARN_BOOL_CONVERSION = YES;
				CLANG_WARN_CONSTANT_CONVERSION = YES;
				CLANG_WARN_DIRECT_OBJC_ISA_USAGE = YES_ERROR;
				CLANG_WARN_EMPTY_BODY = YES;
				CLANG_WARN_ENUM_CONVERSION = YES;
				CLANG_WARN_INT_CONVERSION = YES;
				CLANG_WARN_OBJC_ROOT_CLASS = YES_ERROR;
				CLANG_WARN_UNREACHABLE_CODE = YES;
				CLANG_WARN__DUPLICATE_METHOD_MATCH = YES;
				"CODE_SIGN_IDENTITY[sdk=iphoneos*]" = "iPhone Developer";
				COPY_PHASE_STRIP = NO;
				ENABLE_STRICT_OBJC_MSGSEND = YES;
				GCC_C_LANGUAGE_STANDARD = gnu99;
				GCC_DYNAMIC_NO_PIC = NO;
				GCC_OPTIMIZATION_LEVEL = 0;
				GCC_PREPROCESSOR_DEFINITIONS = (
					"DEBUG=1",
					"$(inherited)",
				);
				GCC_SYMBOLS_PRIVATE_EXTERN = NO;
				GCC_WARN_64_TO_32_BIT_CONVERSION = YES;
				GCC_WARN_ABOUT_RETURN_TYPE = YES_ERROR;
				GCC_WARN_UNDECLARED_SELECTOR = YES;
				GCC_WARN_UNINITIALIZED_AUTOS = YES_AGGRESSIVE;
				GCC_WARN_UNUSED_FUNCTION = YES;
				GCC_WARN_UNUSED_VARIABLE = YES;
				IPHONEOS_DEPLOYMENT_TARGET = 8.1;
				MTL_ENABLE_DEBUG_INFO = YES;
				ONLY_ACTIVE_ARCH = YES;
				SDKROOT = iphoneos;
			};
			name = Debug;
		};
		9D4BB8991A354A0D005E14D0 /* Release */ = {
			isa = XCBuildConfiguration;
			buildSettings = {
				ALWAYS_SEARCH_USER_PATHS = NO;
				CLANG_CXX_LANGUAGE_STANDARD = "gnu++0x";
				CLANG_CXX_LIBRARY = "libc++";
				CLANG_ENABLE_MODULES = YES;
				CLANG_ENABLE_OBJC_ARC = YES;
				CLANG_WARN_BOOL_CONVERSION = YES;
				CLANG_WARN_CONSTANT_CONVERSION = YES;
				CLANG_WARN_DIRECT_OBJC_ISA_USAGE = YES_ERROR;
				CLANG_WARN_EMPTY_BODY = YES;
				CLANG_WARN_ENUM_CONVERSION = YES;
				CLANG_WARN_INT_CONVERSION = YES;
				CLANG_WARN_OBJC_ROOT_CLASS = YES_ERROR;
				CLANG_WARN_UNREACHABLE_CODE = YES;
				CLANG_WARN__DUPLICATE_METHOD_MATCH = YES;
				"CODE_SIGN_IDENTITY[sdk=iphoneos*]" = "iPhone Developer";
				COPY_PHASE_STRIP = YES;
				ENABLE_NS_ASSERTIONS = NO;
				ENABLE_STRICT_OBJC_MSGSEND = YES;
				GCC_C_LANGUAGE_STANDARD = gnu99;
				GCC_WARN_64_TO_32_BIT_CONVERSION = YES;
				GCC_WARN_ABOUT_RETURN_TYPE = YES_ERROR;
				GCC_WARN_UNDECLARED_SELECTOR = YES;
				GCC_WARN_UNINITIALIZED_AUTOS = YES_AGGRESSIVE;
				GCC_WARN_UNUSED_FUNCTION = YES;
				GCC_WARN_UNUSED_VARIABLE = YES;
				IPHONEOS_DEPLOYMENT_TARGET = 8.1;
				MTL_ENABLE_DEBUG_INFO = NO;
				SDKROOT = iphoneos;
				VALIDATE_PRODUCT = YES;
			};
			name = Release;
		};
		9D4BB89B1A354A0D005E14D0 /* Debug */ = {
			isa = XCBuildConfiguration;
			buildSettings = {
				ASSETCATALOG_COMPILER_APPICON_NAME = AppIcon;
				INFOPLIST_FILE = ViewTransisition/Info.plist;
				LD_RUNPATH_SEARCH_PATHS = "$(inherited) @executable_path/Frameworks";
				PRODUCT_NAME = "$(TARGET_NAME)";
			};
			name = Debug;
		};
		9D4BB89C1A354A0D005E14D0 /* Release */ = {
			isa = XCBuildConfiguration;
			buildSettings = {
				ASSETCATALOG_COMPILER_APPICON_NAME = AppIcon;
				INFOPLIST_FILE = ViewTransisition/Info.plist;
				LD_RUNPATH_SEARCH_PATHS = "$(inherited) @executable_path/Frameworks";
				PRODUCT_NAME = "$(TARGET_NAME)";
			};
			name = Release;
		};
		9D4BB89E1A354A0D005E14D0 /* Debug */ = {
			isa = XCBuildConfiguration;
			buildSettings = {
				BUNDLE_LOADER = "$(TEST_HOST)";
				FRAMEWORK_SEARCH_PATHS = (
					"$(SDKROOT)/Developer/Library/Frameworks",
					"$(inherited)",
				);
				GCC_PREPROCESSOR_DEFINITIONS = (
					"DEBUG=1",
					"$(inherited)",
				);
				INFOPLIST_FILE = ViewTransisitionTests/Info.plist;
				LD_RUNPATH_SEARCH_PATHS = "$(inherited) @executable_path/Frameworks @loader_path/Frameworks";
				PRODUCT_NAME = "$(TARGET_NAME)";
				TEST_HOST = "$(BUILT_PRODUCTS_DIR)/ViewTransisition.app/ViewTransisition";
			};
			name = Debug;
		};
		9D4BB89F1A354A0D005E14D0 /* Release */ = {
			isa = XCBuildConfiguration;
			buildSettings = {
				BUNDLE_LOADER = "$(TEST_HOST)";
				FRAMEWORK_SEARCH_PATHS = (
					"$(SDKROOT)/Developer/Library/Frameworks",
					"$(inherited)",
				);
				INFOPLIST_FILE = ViewTransisitionTests/Info.plist;
				LD_RUNPATH_SEARCH_PATHS = "$(inherited) @executable_path/Frameworks @loader_path/Frameworks";
				PRODUCT_NAME = "$(TARGET_NAME)";
				TEST_HOST = "$(BUILT_PRODUCTS_DIR)/ViewTransisition.app/ViewTransisition";
			};
			name = Release;
		};
/* End XCBuildConfiguration section */

/* Begin XCConfigurationList section */
		9D4BB8721A354A0D005E14D0 /* Build configuration list for PBXProject "ViewTransisition" */ = {
			isa = XCConfigurationList;
			buildConfigurations = (
				9D4BB8981A354A0D005E14D0 /* Debug */,
				9D4BB8991A354A0D005E14D0 /* Release */,
			);
			defaultConfigurationIsVisible = 0;
			defaultConfigurationName = Release;
		};
		9D4BB89A1A354A0D005E14D0 /* Build configuration list for PBXNativeTarget "ViewTransisition" */ = {
			isa = XCConfigurationList;
			buildConfigurations = (
				9D4BB89B1A354A0D005E14D0 /* Debug */,
				9D4BB89C1A354A0D005E14D0 /* Release */,
			);
			defaultConfigurationIsVisible = 0;
		};
		9D4BB89D1A354A0D005E14D0 /* Build configuration list for PBXNativeTarget "ViewTransisitionTests" */ = {
			isa = XCConfigurationList;
			buildConfigurations = (
				9D4BB89E1A354A0D005E14D0 /* Debug */,
				9D4BB89F1A354A0D005E14D0 /* Release */,
			);
			defaultConfigurationIsVisible = 0;
		};
/* End XCConfigurationList section */
	};
	rootObject = 9D4BB86F1A354A0D005E14D0 /* Project object */;
}
